
Microsoft Visual Studio Solution File, Format Version 12.00
# Visual Studio Version 16
VisualStudioVersion = 16.0.29318.209
MinimumVisualStudioVersion = 10.0.40219.1
Project("{FAE04EC0-301F-11D3-BF4B-00C04F79EFBC}") = "Justeat-replica", "Justeat-replica\Justeat-replica.csproj", "{8A02D086-CFBF-4FC4-B4E3-A7A38D5FF6C8}"
EndProject
Global
	GlobalSection(SolutionConfigurationPlatforms) = preSolution
		Debug|Any CPU = Debug|Any CPU
		Release|Any CPU = Release|Any CPU
	EndGlobalSection
	GlobalSection(ProjectConfigurationPlatforms) = postSolution
		{8A02D086-CFBF-4FC4-B4E3-A7A38D5FF6C8}.Debug|Any CPU.ActiveCfg = Debug|Any CPU
		{8A02D086-CFBF-4FC4-B4E3-A7A38D5FF6C8}.Debug|Any CPU.Build.0 = Debug|Any CPU
		{8A02D086-CFBF-4FC4-B4E3-A7A38D5FF6C8}.Release|Any CPU.ActiveCfg = Release|Any CPU
		{8A02D086-CFBF-4FC4-B4E3-A7A38D5FF6C8}.Release|Any CPU.Build.0 = Release|Any CPU
	EndGlobalSection
	GlobalSection(SolutionProperties) = preSolution
		HideSolutionNode = FALSE
	EndGlobalSection
	GlobalSection(ExtensibilityGlobals) = postSolution
		SolutionGuid = {844BA283-928B-4F76-AD99-0CC1307ED143}
	EndGlobalSection
EndGlobal
